
Microsoft Visual Studio Solution File, Format Version 12.00
# Visual Studio Version 16
VisualStudioVersion = 16.0.31205.134
MinimumVisualStudioVersion = 10.0.40219.1
Project("{9A19103F-16F7-4668-BE54-9A1E7A4F7556}") = "sapper", "Сапёр\sapper.csproj", "{A331E8AE-2D93-42E1-B4BC-D5F0C7EF79C3}"
EndProject
Global
	GlobalSection(SolutionConfigurationPlatforms) = preSolution
		Debug|Any CPU = Debug|Any CPU
		Release|Any CPU = Release|Any CPU
	EndGlobalSection
	GlobalSection(ProjectConfigurationPlatforms) = postSolution
		{A331E8AE-2D93-42E1-B4BC-D5F0C7EF79C3}.Debug|Any CPU.ActiveCfg = Debug|Any CPU
		{A331E8AE-2D93-42E1-B4BC-D5F0C7EF79C3}.Debug|Any CPU.Build.0 = Debug|Any CPU
		{A331E8AE-2D93-42E1-B4BC-D5F0C7EF79C3}.Release|Any CPU.ActiveCfg = Release|Any CPU
		{A331E8AE-2D93-42E1-B4BC-D5F0C7EF79C3}.Release|Any CPU.Build.0 = Release|Any CPU
	EndGlobalSection
	GlobalSection(SolutionProperties) = preSolution
		HideSolutionNode = FALSE
	EndGlobalSection
	GlobalSection(ExtensibilityGlobals) = postSolution
		SolutionGuid = {5871B3D6-20F6-4B54-990C-FCB1D86D7A9E}
	EndGlobalSection
EndGlobal
